{
  "name": "portfolio",
  "version": "1.0.0",
  "lockfileVersion": 1,
  "dependencies": {
    "@types/handlebars": {
      "version": "4.0.34",
      "resolved": "https://registry.npmjs.org/@types/handlebars/-/handlebars-4.0.34.tgz",
      "integrity": "sha512-qPhgUGkEpCE6CGc649wGTktu9XcVIpaSWElhktv0SeDC/RHbwYtCoxT6jTLhF5lX8Gdey9jS1n+we0qXuGciEw=="
    },
    "@types/jquery": {
      "version": "3.2.8",
      "resolved": "https://registry.npmjs.org/@types/jquery/-/jquery-3.2.8.tgz",
      "integrity": "sha512-ENlB2s8HaApNeb51lU4PQw3aHk1JfnvDAjG0tIBZfG3qpz6lZwPKPJCLTPWaextF/gAvPJ+kKzEhaV9JbeJdVw=="
    },
    "@types/node": {
      "version": "8.0.13",
      "resolved": "https://registry.npmjs.org/@types/node/-/node-8.0.13.tgz",
      "integrity": "sha512-Y3EAG7VA7NVNbZek/fjJtILnmTk/ZfpJuWZGDBqDZ1dVIxgJJJ82fXPW7pKnqyV9CD/9bcPOCi7eErUqGMHOrA=="
    }
  }
}
